
Microsoft Visual Studio Solution File, Format Version 12.00
# Visual Studio Version 16
VisualStudioVersion = 16.0.29613.14
MinimumVisualStudioVersion = 10.0.40219.1
Project("{FAE04EC0-301F-11D3-BF4B-00C04F79EFBC}") = "EloadasProjekt", "EloadasProjekt\EloadasProjekt.csproj", "{E6AD0E07-4573-46A1-B19B-D33846EC5202}"
EndProject
Global
	GlobalSection(SolutionConfigurationPlatforms) = preSolution
		Debug|Any CPU = Debug|Any CPU
		Release|Any CPU = Release|Any CPU
	EndGlobalSection
	GlobalSection(ProjectConfigurationPlatforms) = postSolution
		{E6AD0E07-4573-46A1-B19B-D33846EC5202}.Debug|Any CPU.ActiveCfg = Debug|Any CPU
		{E6AD0E07-4573-46A1-B19B-D33846EC5202}.Debug|Any CPU.Build.0 = Debug|Any CPU
		{E6AD0E07-4573-46A1-B19B-D33846EC5202}.Release|Any CPU.ActiveCfg = Release|Any CPU
		{E6AD0E07-4573-46A1-B19B-D33846EC5202}.Release|Any CPU.Build.0 = Release|Any CPU
	EndGlobalSection
	GlobalSection(SolutionProperties) = preSolution
		HideSolutionNode = FALSE
	EndGlobalSection
	GlobalSection(ExtensibilityGlobals) = postSolution
		SolutionGuid = {64C6FDF2-7F74-47B4-B123-AF51F7C87098}
	EndGlobalSection
EndGlobal
